
Microsoft Visual Studio Solution File, Format Version 12.00
# Visual Studio Version 16
VisualStudioVersion = 16.0.34114.132
MinimumVisualStudioVersion = 10.0.40219.1
Project("{FAE04EC0-301F-11D3-BF4B-00C04F79EFBC}") = "LGES_SVA", "LGES_SVA\LGES_SVA.csproj", "{684B92DA-5F63-4849-B198-94192D3FDE11}"
EndProject
Project("{FAE04EC0-301F-11D3-BF4B-00C04F79EFBC}") = "LGES_SVA.Core", "LGES_SVA.Core\LGES_SVA.Core.csproj", "{61BA9EC6-77D6-47FB-ABBB-6E91D96267F4}"
EndProject
Project("{2150E333-8FDC-42A3-9474-1A3956D46DE8}") = "Modules", "Modules", "{7146271A-C615-48AB-878A-0DBF7C573B90}"
EndProject
Project("{2150E333-8FDC-42A3-9474-1A3956D46DE8}") = "UI", "UI", "{7AFEA470-5158-42AE-8EFC-D9AE14FBE8C4}"
EndProject
Project("{2150E333-8FDC-42A3-9474-1A3956D46DE8}") = "Regions", "Regions", "{295E039B-777D-4D18-B4F2-F7F864D4B4C5}"
EndProject
Project("{2150E333-8FDC-42A3-9474-1A3956D46DE8}") = "Windows", "Windows", "{C3686B9B-ED98-461A-A551-09AC29A8C019}"
EndProject
Project("{FAE04EC0-301F-11D3-BF4B-00C04F79EFBC}") = "LGES_SVA.Main", "LGES_SVA.Main\LGES_SVA.Main.csproj", "{8FA48257-E29D-4BA9-91A9-C2A774DD15C9}"
EndProject
Project("{FAE04EC0-301F-11D3-BF4B-00C04F79EFBC}") = "LGES_SVA.Splash", "LGES_SVA.Splash\LGES_SVA.Splash.csproj", "{B164694C-13F5-4D86-884C-EBF30A2AFD06}"
EndProject
Project("{FAE04EC0-301F-11D3-BF4B-00C04F79EFBC}") = "LGES_SVA.Inspection", "LGES_SVA.Inspection\LGES_SVA.Inspection.csproj", "{8370B3F6-38ED-4124-A22C-D5A4E0488B55}"
EndProject
Project("{FAE04EC0-301F-11D3-BF4B-00C04F79EFBC}") = "LGES_SVA.ControlBar", "LGES_SVA.ControlBar\LGES_SVA.ControlBar.csproj", "{D00A8075-5A35-450F-B809-8BC2F7B8F71A}"
EndProject
Project("{FAE04EC0-301F-11D3-BF4B-00C04F79EFBC}") = "LGES_SVA.Repository", "LGES_SVA.Repository\LGES_SVA.Repository.csproj", "{8493A038-B421-40C8-9646-FC0CC6F04986}"
EndProject
Project("{2150E333-8FDC-42A3-9474-1A3956D46DE8}") = "Dialogs", "Dialogs", "{D75D7123-9B9B-4B37-A72C-D68F8A6AE4D0}"
EndProject
Project("{FAE04EC0-301F-11D3-BF4B-00C04F79EFBC}") = "LGES_SVA.Dialogs.Login", "LGES_SVA.Dialogs.Login\LGES_SVA.Dialogs.Login.csproj", "{EB0BF2F6-EDF8-45D5-BE89-CFF1F9063622}"
EndProject
Project("{FAE04EC0-301F-11D3-BF4B-00C04F79EFBC}") = "LGES_SVA.Dialogs.Simulation", "LGES_SVA.Dialogs.Simulation\LGES_SVA.Dialogs.Simulation.csproj", "{A52BCA4D-1709-4477-A36E-ED769C3FB7A8}"
EndProject
Project("{FAE04EC0-301F-11D3-BF4B-00C04F79EFBC}") = "LGES_SVA.Dialogs.LogDialog", "LGES_SVA.Dialogs.LogDialog\LGES_SVA.Dialogs.LogDialog.csproj", "{A6F4A12E-C6D8-4A80-92A4-C647C68E8FB6}"
EndProject
Project("{FAE04EC0-301F-11D3-BF4B-00C04F79EFBC}") = "LGES_SVA.Dialogs.Recipe", "LGES_SVA.Dialogs.Recipe\LGES_SVA.Dialogs.Recipe.csproj", "{EF80C25D-1FBF-4351-93FB-311986481D1F}"
EndProject
Project("{FAE04EC0-301F-11D3-BF4B-00C04F79EFBC}") = "LGES_SVA.Dialogs.Search", "LGES_SVA.Dialogs.Search\LGES_SVA.Dialogs.Search.csproj", "{196F5DA2-88FA-4377-BA22-84ADCE0A6E5D}"
EndProject
Project("{FAE04EC0-301F-11D3-BF4B-00C04F79EFBC}") = "LGES_SVA.Dialogs.Live", "LGES_SVA.Dialogs.Live\LGES_SVA.Dialogs.Live.csproj", "{30C1AD99-ECCB-44A3-AE42-A6E4F86C9D83}"
EndProject
Project("{FAE04EC0-301F-11D3-BF4B-00C04F79EFBC}") = "LGES_SVA.Dialogs.Setting", "LGES_SVA.Dialogs.Setting\LGES_SVA.Dialogs.Setting.csproj", "{273E413C-504B-40E7-B028-1EA6C47E6207}"
EndProject
Project("{FAE04EC0-301F-11D3-BF4B-00C04F79EFBC}") = "LGES_SVA.Regions.TabView", "LGES_SVA.Regions.TabView\LGES_SVA.Regions.TabView.csproj", "{9A88DDF3-EF68-45F0-9786-1B6A4177FDD7}"
EndProject
Project("{2150E333-8FDC-42A3-9474-1A3956D46DE8}") = "Styles", "Styles", "{CA4E4BC0-DF75-4A4F-BE24-7B21058BA326}"
EndProject
Project("{FAE04EC0-301F-11D3-BF4B-00C04F79EFBC}") = "LGES_SVA.Styles", "LGES_SVA.Styles\LGES_SVA.Styles.csproj", "{99F0C2AE-6BD7-417A-B6B1-DABC5F5413B9}"
EndProject
Project("{FAE04EC0-301F-11D3-BF4B-00C04F79EFBC}") = "LGES_SVA.Login", "LGES_SVA.Login\LGES_SVA.Login.csproj", "{8FCDBA57-5E0A-4062-B8CF-572155141C08}"
EndProject
Project("{FAE04EC0-301F-11D3-BF4B-00C04F79EFBC}") = "LGES_SVA.Recipe", "LGES_SVA.Recipe\LGES_SVA.Recipe.csproj", "{E545F16D-1125-46C5-9951-8E4B81B75866}"
EndProject
Project("{FAE04EC0-301F-11D3-BF4B-00C04F79EFBC}") = "LGES_SVA.VisionPro", "LGES_SVA.VisionPro\LGES_SVA.VisionPro.csproj", "{221013A5-C63A-4FF5-8432-C1BD73D60F6D}"
EndProject
Project("{FAE04EC0-301F-11D3-BF4B-00C04F79EFBC}") = "LGES_SVA.Dialog", "LGES_SVA.Dialog\LGES_SVA.Dialog.csproj", "{C1330C30-1F16-4E02-9F8C-5DC4E02CAD0C}"
EndProject
Project("{FAE04EC0-301F-11D3-BF4B-00C04F79EFBC}") = "LGES_SVA.Dialogs.IO", "LGES_SVA.Dialogs.IO\LGES_SVA.Dialogs.IO.csproj", "{7DD70C7D-1252-4F16-A917-A8EBC7571E46}"
EndProject
Global
	GlobalSection(SolutionConfigurationPlatforms) = preSolution
		Debug|Any CPU = Debug|Any CPU
		Debug|x64 = Debug|x64
		Release|Any CPU = Release|Any CPU
		Release|x64 = Release|x64
	EndGlobalSection
	GlobalSection(ProjectConfigurationPlatforms) = postSolution
		{684B92DA-5F63-4849-B198-94192D3FDE11}.Debug|Any CPU.ActiveCfg = Debug|x64
		{684B92DA-5F63-4849-B198-94192D3FDE11}.Debug|x64.ActiveCfg = Debug|x64
		{684B92DA-5F63-4849-B198-94192D3FDE11}.Debug|x64.Build.0 = Debug|x64
		{684B92DA-5F63-4849-B198-94192D3FDE11}.Release|Any CPU.ActiveCfg = Release|x64
		{684B92DA-5F63-4849-B198-94192D3FDE11}.Release|x64.ActiveCfg = Release|x64
		{684B92DA-5F63-4849-B198-94192D3FDE11}.Release|x64.Build.0 = Release|x64
		{61BA9EC6-77D6-47FB-ABBB-6E91D96267F4}.Debug|Any CPU.ActiveCfg = Debug|x64
		{61BA9EC6-77D6-47FB-ABBB-6E91D96267F4}.Debug|x64.ActiveCfg = Debug|x64
		{61BA9EC6-77D6-47FB-ABBB-6E91D96267F4}.Debug|x64.Build.0 = Debug|x64
		{61BA9EC6-77D6-47FB-ABBB-6E91D96267F4}.Release|Any CPU.ActiveCfg = Release|x64
		{61BA9EC6-77D6-47FB-ABBB-6E91D96267F4}.Release|x64.ActiveCfg = Release|x64
		{61BA9EC6-77D6-47FB-ABBB-6E91D96267F4}.Release|x64.Build.0 = Release|x64
		{8FA48257-E29D-4BA9-91A9-C2A774DD15C9}.Debug|Any CPU.ActiveCfg = Debug|x64
		{8FA48257-E29D-4BA9-91A9-C2A774DD15C9}.Debug|x64.ActiveCfg = Debug|x64
		{8FA48257-E29D-4BA9-91A9-C2A774DD15C9}.Debug|x64.Build.0 = Debug|x64
		{8FA48257-E29D-4BA9-91A9-C2A774DD15C9}.Release|Any CPU.ActiveCfg = Release|x64
		{8FA48257-E29D-4BA9-91A9-C2A774DD15C9}.Release|x64.ActiveCfg = Release|x64
		{8FA48257-E29D-4BA9-91A9-C2A774DD15C9}.Release|x64.Build.0 = Release|x64
		{B164694C-13F5-4D86-884C-EBF30A2AFD06}.Debug|Any CPU.ActiveCfg = Debug|x64
		{B164694C-13F5-4D86-884C-EBF30A2AFD06}.Debug|x64.ActiveCfg = Debug|x64
		{B164694C-13F5-4D86-884C-EBF30A2AFD06}.Debug|x64.Build.0 = Debug|x64
		{B164694C-13F5-4D86-884C-EBF30A2AFD06}.Release|Any CPU.ActiveCfg = Release|x64
		{B164694C-13F5-4D86-884C-EBF30A2AFD06}.Release|x64.ActiveCfg = Release|x64
		{B164694C-13F5-4D86-884C-EBF30A2AFD06}.Release|x64.Build.0 = Release|x64
		{8370B3F6-38ED-4124-A22C-D5A4E0488B55}.Debug|Any CPU.ActiveCfg = Debug|x64
		{8370B3F6-38ED-4124-A22C-D5A4E0488B55}.Debug|x64.ActiveCfg = Debug|x64
		{8370B3F6-38ED-4124-A22C-D5A4E0488B55}.Debug|x64.Build.0 = Debug|x64
		{8370B3F6-38ED-4124-A22C-D5A4E0488B55}.Release|Any CPU.ActiveCfg = Release|x64
		{8370B3F6-38ED-4124-A22C-D5A4E0488B55}.Release|x64.ActiveCfg = Release|x64
		{8370B3F6-38ED-4124-A22C-D5A4E0488B55}.Release|x64.Build.0 = Release|x64
		{D00A8075-5A35-450F-B809-8BC2F7B8F71A}.Debug|Any CPU.ActiveCfg = Debug|x64
		{D00A8075-5A35-450F-B809-8BC2F7B8F71A}.Debug|x64.ActiveCfg = Debug|x64
		{D00A8075-5A35-450F-B809-8BC2F7B8F71A}.Debug|x64.Build.0 = Debug|x64
		{D00A8075-5A35-450F-B809-8BC2F7B8F71A}.Release|Any CPU.ActiveCfg = Release|x64
		{D00A8075-5A35-450F-B809-8BC2F7B8F71A}.Release|x64.ActiveCfg = Release|x64
		{D00A8075-5A35-450F-B809-8BC2F7B8F71A}.Release|x64.Build.0 = Release|x64
		{8493A038-B421-40C8-9646-FC0CC6F04986}.Debug|Any CPU.ActiveCfg = Debug|x64
		{8493A038-B421-40C8-9646-FC0CC6F04986}.Debug|x64.ActiveCfg = Debug|x64
		{8493A038-B421-40C8-9646-FC0CC6F04986}.Debug|x64.Build.0 = Debug|x64
		{8493A038-B421-40C8-9646-FC0CC6F04986}.Release|Any CPU.ActiveCfg = Release|x64
		{8493A038-B421-40C8-9646-FC0CC6F04986}.Release|x64.ActiveCfg = Release|x64
		{8493A038-B421-40C8-9646-FC0CC6F04986}.Release|x64.Build.0 = Release|x64
		{EB0BF2F6-EDF8-45D5-BE89-CFF1F9063622}.Debug|Any CPU.ActiveCfg = Debug|Any CPU
		{EB0BF2F6-EDF8-45D5-BE89-CFF1F9063622}.Debug|Any CPU.Build.0 = Debug|Any CPU
		{EB0BF2F6-EDF8-45D5-BE89-CFF1F9063622}.Debug|x64.ActiveCfg = Debug|Any CPU
		{EB0BF2F6-EDF8-45D5-BE89-CFF1F9063622}.Debug|x64.Build.0 = Debug|Any CPU
		{EB0BF2F6-EDF8-45D5-BE89-CFF1F9063622}.Release|Any CPU.ActiveCfg = Release|Any CPU
		{EB0BF2F6-EDF8-45D5-BE89-CFF1F9063622}.Release|Any CPU.Build.0 = Release|Any CPU
		{EB0BF2F6-EDF8-45D5-BE89-CFF1F9063622}.Release|x64.ActiveCfg = Release|Any CPU
		{EB0BF2F6-EDF8-45D5-BE89-CFF1F9063622}.Release|x64.Build.0 = Release|Any CPU
		{A52BCA4D-1709-4477-A36E-ED769C3FB7A8}.Debug|Any CPU.ActiveCfg = Debug|Any CPU
		{A52BCA4D-1709-4477-A36E-ED769C3FB7A8}.Debug|Any CPU.Build.0 = Debug|Any CPU
		{A52BCA4D-1709-4477-A36E-ED769C3FB7A8}.Debug|x64.ActiveCfg = Debug|Any CPU
		{A52BCA4D-1709-4477-A36E-ED769C3FB7A8}.Debug|x64.Build.0 = Debug|Any CPU
		{A52BCA4D-1709-4477-A36E-ED769C3FB7A8}.Release|Any CPU.ActiveCfg = Release|Any CPU
		{A52BCA4D-1709-4477-A36E-ED769C3FB7A8}.Release|Any CPU.Build.0 = Release|Any CPU
		{A52BCA4D-1709-4477-A36E-ED769C3FB7A8}.Release|x64.ActiveCfg = Release|Any CPU
		{A52BCA4D-1709-4477-A36E-ED769C3FB7A8}.Release|x64.Build.0 = Release|Any CPU
		{A6F4A12E-C6D8-4A80-92A4-C647C68E8FB6}.Debug|Any CPU.ActiveCfg = Debug|Any CPU
		{A6F4A12E-C6D8-4A80-92A4-C647C68E8FB6}.Debug|Any CPU.Build.0 = Debug|Any CPU
		{A6F4A12E-C6D8-4A80-92A4-C647C68E8FB6}.Debug|x64.ActiveCfg = Debug|Any CPU
		{A6F4A12E-C6D8-4A80-92A4-C647C68E8FB6}.Debug|x64.Build.0 = Debug|Any CPU
		{A6F4A12E-C6D8-4A80-92A4-C647C68E8FB6}.Release|Any CPU.ActiveCfg = Release|Any CPU
		{A6F4A12E-C6D8-4A80-92A4-C647C68E8FB6}.Release|Any CPU.Build.0 = Release|Any CPU
		{A6F4A12E-C6D8-4A80-92A4-C647C68E8FB6}.Release|x64.ActiveCfg = Release|Any CPU
		{A6F4A12E-C6D8-4A80-92A4-C647C68E8FB6}.Release|x64.Build.0 = Release|Any CPU
		{EF80C25D-1FBF-4351-93FB-311986481D1F}.Debug|Any CPU.ActiveCfg = Debug|Any CPU
		{EF80C25D-1FBF-4351-93FB-311986481D1F}.Debug|Any CPU.Build.0 = Debug|Any CPU
		{EF80C25D-1FBF-4351-93FB-311986481D1F}.Debug|x64.ActiveCfg = Debug|Any CPU
		{EF80C25D-1FBF-4351-93FB-311986481D1F}.Debug|x64.Build.0 = Debug|Any CPU
		{EF80C25D-1FBF-4351-93FB-311986481D1F}.Release|Any CPU.ActiveCfg = Release|Any CPU
		{EF80C25D-1FBF-4351-93FB-311986481D1F}.Release|Any CPU.Build.0 = Release|Any CPU
		{EF80C25D-1FBF-4351-93FB-311986481D1F}.Release|x64.ActiveCfg = Release|Any CPU
		{EF80C25D-1FBF-4351-93FB-311986481D1F}.Release|x64.Build.0 = Release|Any CPU
		{196F5DA2-88FA-4377-BA22-84ADCE0A6E5D}.Debug|Any CPU.ActiveCfg = Debug|Any CPU
		{196F5DA2-88FA-4377-BA22-84ADCE0A6E5D}.Debug|Any CPU.Build.0 = Debug|Any CPU
		{196F5DA2-88FA-4377-BA22-84ADCE0A6E5D}.Debug|x64.ActiveCfg = Debug|Any CPU
		{196F5DA2-88FA-4377-BA22-84ADCE0A6E5D}.Debug|x64.Build.0 = Debug|Any CPU
		{196F5DA2-88FA-4377-BA22-84ADCE0A6E5D}.Release|Any CPU.ActiveCfg = Release|Any CPU
		{196F5DA2-88FA-4377-BA22-84ADCE0A6E5D}.Release|Any CPU.Build.0 = Release|Any CPU
		{196F5DA2-88FA-4377-BA22-84ADCE0A6E5D}.Release|x64.ActiveCfg = Release|Any CPU
		{196F5DA2-88FA-4377-BA22-84ADCE0A6E5D}.Release|x64.Build.0 = Release|Any CPU
		{30C1AD99-ECCB-44A3-AE42-A6E4F86C9D83}.Debug|Any CPU.ActiveCfg = Debug|Any CPU
		{30C1AD99-ECCB-44A3-AE42-A6E4F86C9D83}.Debug|Any CPU.Build.0 = Debug|Any CPU
		{30C1AD99-ECCB-44A3-AE42-A6E4F86C9D83}.Debug|x64.ActiveCfg = Debug|Any CPU
		{30C1AD99-ECCB-44A3-AE42-A6E4F86C9D83}.Debug|x64.Build.0 = Debug|Any CPU
		{30C1AD99-ECCB-44A3-AE42-A6E4F86C9D83}.Release|Any CPU.ActiveCfg = Release|Any CPU
		{30C1AD99-ECCB-44A3-AE42-A6E4F86C9D83}.Release|Any CPU.Build.0 = Release|Any CPU
		{30C1AD99-ECCB-44A3-AE42-A6E4F86C9D83}.Release|x64.ActiveCfg = Release|Any CPU
		{30C1AD99-ECCB-44A3-AE42-A6E4F86C9D83}.Release|x64.Build.0 = Release|Any CPU
		{273E413C-504B-40E7-B028-1EA6C47E6207}.Debug|Any CPU.ActiveCfg = Debug|Any CPU
		{273E413C-504B-40E7-B028-1EA6C47E6207}.Debug|Any CPU.Build.0 = Debug|Any CPU
		{273E413C-504B-40E7-B028-1EA6C47E6207}.Debug|x64.ActiveCfg = Debug|Any CPU
		{273E413C-504B-40E7-B028-1EA6C47E6207}.Debug|x64.Build.0 = Debug|Any CPU
		{273E413C-504B-40E7-B028-1EA6C47E6207}.Release|Any CPU.ActiveCfg = Release|Any CPU
		{273E413C-504B-40E7-B028-1EA6C47E6207}.Release|Any CPU.Build.0 = Release|Any CPU
		{273E413C-504B-40E7-B028-1EA6C47E6207}.Release|x64.ActiveCfg = Release|Any CPU
		{273E413C-504B-40E7-B028-1EA6C47E6207}.Release|x64.Build.0 = Release|Any CPU
		{9A88DDF3-EF68-45F0-9786-1B6A4177FDD7}.Debug|Any CPU.ActiveCfg = Debug|Any CPU
		{9A88DDF3-EF68-45F0-9786-1B6A4177FDD7}.Debug|Any CPU.Build.0 = Debug|Any CPU
		{9A88DDF3-EF68-45F0-9786-1B6A4177FDD7}.Debug|x64.ActiveCfg = Debug|Any CPU
		{9A88DDF3-EF68-45F0-9786-1B6A4177FDD7}.Debug|x64.Build.0 = Debug|Any CPU
		{9A88DDF3-EF68-45F0-9786-1B6A4177FDD7}.Release|Any CPU.ActiveCfg = Release|Any CPU
		{9A88DDF3-EF68-45F0-9786-1B6A4177FDD7}.Release|Any CPU.Build.0 = Release|Any CPU
		{9A88DDF3-EF68-45F0-9786-1B6A4177FDD7}.Release|x64.ActiveCfg = Release|Any CPU
		{9A88DDF3-EF68-45F0-9786-1B6A4177FDD7}.Release|x64.Build.0 = Release|Any CPU
		{99F0C2AE-6BD7-417A-B6B1-DABC5F5413B9}.Debug|Any CPU.ActiveCfg = Debug|Any CPU
		{99F0C2AE-6BD7-417A-B6B1-DABC5F5413B9}.Debug|Any CPU.Build.0 = Debug|Any CPU
		{99F0C2AE-6BD7-417A-B6B1-DABC5F5413B9}.Debug|x64.ActiveCfg = Debug|Any CPU
		{99F0C2AE-6BD7-417A-B6B1-DABC5F5413B9}.Debug|x64.Build.0 = Debug|Any CPU
		{99F0C2AE-6BD7-417A-B6B1-DABC5F5413B9}.Release|Any CPU.ActiveCfg = Release|Any CPU
		{99F0C2AE-6BD7-417A-B6B1-DABC5F5413B9}.Release|Any CPU.Build.0 = Release|Any CPU
		{99F0C2AE-6BD7-417A-B6B1-DABC5F5413B9}.Release|x64.ActiveCfg = Release|Any CPU
		{99F0C2AE-6BD7-417A-B6B1-DABC5F5413B9}.Release|x64.Build.0 = Release|Any CPU
		{8FCDBA57-5E0A-4062-B8CF-572155141C08}.Debug|Any CPU.ActiveCfg = Debug|Any CPU
		{8FCDBA57-5E0A-4062-B8CF-572155141C08}.Debug|Any CPU.Build.0 = Debug|Any CPU
		{8FCDBA57-5E0A-4062-B8CF-572155141C08}.Debug|x64.ActiveCfg = Debug|Any CPU
		{8FCDBA57-5E0A-4062-B8CF-572155141C08}.Debug|x64.Build.0 = Debug|Any CPU
		{8FCDBA57-5E0A-4062-B8CF-572155141C08}.Release|Any CPU.ActiveCfg = Release|Any CPU
		{8FCDBA57-5E0A-4062-B8CF-572155141C08}.Release|Any CPU.Build.0 = Release|Any CPU
		{8FCDBA57-5E0A-4062-B8CF-572155141C08}.Release|x64.ActiveCfg = Release|Any CPU
		{8FCDBA57-5E0A-4062-B8CF-572155141C08}.Release|x64.Build.0 = Release|Any CPU
		{E545F16D-1125-46C5-9951-8E4B81B75866}.Debug|Any CPU.ActiveCfg = Debug|Any CPU
		{E545F16D-1125-46C5-9951-8E4B81B75866}.Debug|Any CPU.Build.0 = Debug|Any CPU
		{E545F16D-1125-46C5-9951-8E4B81B75866}.Debug|x64.ActiveCfg = Debug|Any CPU
		{E545F16D-1125-46C5-9951-8E4B81B75866}.Debug|x64.Build.0 = Debug|Any CPU
		{E545F16D-1125-46C5-9951-8E4B81B75866}.Release|Any CPU.ActiveCfg = Release|Any CPU
		{E545F16D-1125-46C5-9951-8E4B81B75866}.Release|Any CPU.Build.0 = Release|Any CPU
		{E545F16D-1125-46C5-9951-8E4B81B75866}.Release|x64.ActiveCfg = Release|Any CPU
		{E545F16D-1125-46C5-9951-8E4B81B75866}.Release|x64.Build.0 = Release|Any CPU
		{221013A5-C63A-4FF5-8432-C1BD73D60F6D}.Debug|Any CPU.ActiveCfg = Debug|Any CPU
		{221013A5-C63A-4FF5-8432-C1BD73D60F6D}.Debug|Any CPU.Build.0 = Debug|Any CPU
		{221013A5-C63A-4FF5-8432-C1BD73D60F6D}.Debug|x64.ActiveCfg = Debug|Any CPU
		{221013A5-C63A-4FF5-8432-C1BD73D60F6D}.Debug|x64.Build.0 = Debug|Any CPU
		{221013A5-C63A-4FF5-8432-C1BD73D60F6D}.Release|Any CPU.ActiveCfg = Release|Any CPU
		{221013A5-C63A-4FF5-8432-C1BD73D60F6D}.Release|Any CPU.Build.0 = Release|Any CPU
		{221013A5-C63A-4FF5-8432-C1BD73D60F6D}.Release|x64.ActiveCfg = Release|Any CPU
		{221013A5-C63A-4FF5-8432-C1BD73D60F6D}.Release|x64.Build.0 = Release|Any CPU
		{C1330C30-1F16-4E02-9F8C-5DC4E02CAD0C}.Debug|Any CPU.ActiveCfg = Debug|Any CPU
		{C1330C30-1F16-4E02-9F8C-5DC4E02CAD0C}.Debug|Any CPU.Build.0 = Debug|Any CPU
		{C1330C30-1F16-4E02-9F8C-5DC4E02CAD0C}.Debug|x64.ActiveCfg = Debug|Any CPU
		{C1330C30-1F16-4E02-9F8C-5DC4E02CAD0C}.Debug|x64.Build.0 = Debug|Any CPU
		{C1330C30-1F16-4E02-9F8C-5DC4E02CAD0C}.Release|Any CPU.ActiveCfg = Release|Any CPU
		{C1330C30-1F16-4E02-9F8C-5DC4E02CAD0C}.Release|Any CPU.Build.0 = Release|Any CPU
		{C1330C30-1F16-4E02-9F8C-5DC4E02CAD0C}.Release|x64.ActiveCfg = Release|Any CPU
		{C1330C30-1F16-4E02-9F8C-5DC4E02CAD0C}.Release|x64.Build.0 = Release|Any CPU
		{7DD70C7D-1252-4F16-A917-A8EBC7571E46}.Debug|Any CPU.ActiveCfg = Debug|Any CPU
		{7DD70C7D-1252-4F16-A917-A8EBC7571E46}.Debug|Any CPU.Build.0 = Debug|Any CPU
		{7DD70C7D-1252-4F16-A917-A8EBC7571E46}.Debug|x64.ActiveCfg = Debug|Any CPU
		{7DD70C7D-1252-4F16-A917-A8EBC7571E46}.Debug|x64.Build.0 = Debug|Any CPU
		{7DD70C7D-1252-4F16-A917-A8EBC7571E46}.Release|Any CPU.ActiveCfg = Release|Any CPU
		{7DD70C7D-1252-4F16-A917-A8EBC7571E46}.Release|Any CPU.Build.0 = Release|Any CPU
		{7DD70C7D-1252-4F16-A917-A8EBC7571E46}.Release|x64.ActiveCfg = Release|Any CPU
		{7DD70C7D-1252-4F16-A917-A8EBC7571E46}.Release|x64.Build.0 = Release|Any CPU
	EndGlobalSection
	GlobalSection(SolutionProperties) = preSolution
		HideSolutionNode = FALSE
	EndGlobalSection
	GlobalSection(NestedProjects) = preSolution
		{295E039B-777D-4D18-B4F2-F7F864D4B4C5} = {7AFEA470-5158-42AE-8EFC-D9AE14FBE8C4}
		{C3686B9B-ED98-461A-A551-09AC29A8C019} = {7AFEA470-5158-42AE-8EFC-D9AE14FBE8C4}
		{8FA48257-E29D-4BA9-91A9-C2A774DD15C9} = {C3686B9B-ED98-461A-A551-09AC29A8C019}
		{B164694C-13F5-4D86-884C-EBF30A2AFD06} = {C3686B9B-ED98-461A-A551-09AC29A8C019}
		{8370B3F6-38ED-4124-A22C-D5A4E0488B55} = {295E039B-777D-4D18-B4F2-F7F864D4B4C5}
		{D00A8075-5A35-450F-B809-8BC2F7B8F71A} = {295E039B-777D-4D18-B4F2-F7F864D4B4C5}
		{8493A038-B421-40C8-9646-FC0CC6F04986} = {7146271A-C615-48AB-878A-0DBF7C573B90}
		{D75D7123-9B9B-4B37-A72C-D68F8A6AE4D0} = {7AFEA470-5158-42AE-8EFC-D9AE14FBE8C4}
		{EB0BF2F6-EDF8-45D5-BE89-CFF1F9063622} = {D75D7123-9B9B-4B37-A72C-D68F8A6AE4D0}
		{A52BCA4D-1709-4477-A36E-ED769C3FB7A8} = {D75D7123-9B9B-4B37-A72C-D68F8A6AE4D0}
		{A6F4A12E-C6D8-4A80-92A4-C647C68E8FB6} = {D75D7123-9B9B-4B37-A72C-D68F8A6AE4D0}
		{EF80C25D-1FBF-4351-93FB-311986481D1F} = {D75D7123-9B9B-4B37-A72C-D68F8A6AE4D0}
		{196F5DA2-88FA-4377-BA22-84ADCE0A6E5D} = {D75D7123-9B9B-4B37-A72C-D68F8A6AE4D0}
		{30C1AD99-ECCB-44A3-AE42-A6E4F86C9D83} = {D75D7123-9B9B-4B37-A72C-D68F8A6AE4D0}
		{273E413C-504B-40E7-B028-1EA6C47E6207} = {D75D7123-9B9B-4B37-A72C-D68F8A6AE4D0}
		{9A88DDF3-EF68-45F0-9786-1B6A4177FDD7} = {295E039B-777D-4D18-B4F2-F7F864D4B4C5}
		{CA4E4BC0-DF75-4A4F-BE24-7B21058BA326} = {7AFEA470-5158-42AE-8EFC-D9AE14FBE8C4}
		{99F0C2AE-6BD7-417A-B6B1-DABC5F5413B9} = {CA4E4BC0-DF75-4A4F-BE24-7B21058BA326}
		{8FCDBA57-5E0A-4062-B8CF-572155141C08} = {7146271A-C615-48AB-878A-0DBF7C573B90}
		{E545F16D-1125-46C5-9951-8E4B81B75866} = {7146271A-C615-48AB-878A-0DBF7C573B90}
		{221013A5-C63A-4FF5-8432-C1BD73D60F6D} = {7146271A-C615-48AB-878A-0DBF7C573B90}
		{C1330C30-1F16-4E02-9F8C-5DC4E02CAD0C} = {C3686B9B-ED98-461A-A551-09AC29A8C019}
		{7DD70C7D-1252-4F16-A917-A8EBC7571E46} = {D75D7123-9B9B-4B37-A72C-D68F8A6AE4D0}
	EndGlobalSection
	GlobalSection(ExtensibilityGlobals) = postSolution
		SolutionGuid = {F90905F1-6854-4DE4-9DF7-55D7DCFFDE02}
	EndGlobalSection
EndGlobal
