
Microsoft Visual Studio Solution File, Format Version 12.00
# Visual Studio Version 16
VisualStudioVersion = 16.0.34114.132
MinimumVisualStudioVersion = 10.0.40219.1
Project("{FAE04EC0-301F-11D3-BF4B-00C04F79EFBC}") = "SITemplate", "SITemplate\SITemplate.csproj", "{684B92DA-5F63-4849-B198-94192D3FDE11}"
EndProject
Project("{FAE04EC0-301F-11D3-BF4B-00C04F79EFBC}") = "SITemplate.Core", "SITemplate.Core\SITemplate.Core.csproj", "{61BA9EC6-77D6-47FB-ABBB-6E91D96267F4}"
EndProject
Project("{2150E333-8FDC-42A3-9474-1A3956D46DE8}") = "Modules", "Modules", "{7146271A-C615-48AB-878A-0DBF7C573B90}"
EndProject
Project("{2150E333-8FDC-42A3-9474-1A3956D46DE8}") = "UI", "UI", "{7AFEA470-5158-42AE-8EFC-D9AE14FBE8C4}"
EndProject
Project("{2150E333-8FDC-42A3-9474-1A3956D46DE8}") = "Regions", "Regions", "{295E039B-777D-4D18-B4F2-F7F864D4B4C5}"
EndProject
Project("{2150E333-8FDC-42A3-9474-1A3956D46DE8}") = "Windows", "Windows", "{C3686B9B-ED98-461A-A551-09AC29A8C019}"
EndProject
Project("{FAE04EC0-301F-11D3-BF4B-00C04F79EFBC}") = "SITemplate.Main", "SITemplate.Main\SITemplate.Main.csproj", "{8FA48257-E29D-4BA9-91A9-C2A774DD15C9}"
EndProject
Project("{FAE04EC0-301F-11D3-BF4B-00C04F79EFBC}") = "SITemplate.Splash", "SITemplate.Splash\SITemplate.Splash.csproj", "{B164694C-13F5-4D86-884C-EBF30A2AFD06}"
EndProject
Project("{FAE04EC0-301F-11D3-BF4B-00C04F79EFBC}") = "SITemplate.Inspection", "SITemplate.Inspection\SITemplate.Inspection.csproj", "{8370B3F6-38ED-4124-A22C-D5A4E0488B55}"
EndProject
Project("{FAE04EC0-301F-11D3-BF4B-00C04F79EFBC}") = "SITemplate.Setting", "SITemplate.Setting\SITemplate.Setting.csproj", "{1D4FAED7-6FE7-4153-83D0-7A30C7BA4E0D}"
EndProject
Project("{FAE04EC0-301F-11D3-BF4B-00C04F79EFBC}") = "SITemplate.ControlBar", "SITemplate.ControlBar\SITemplate.ControlBar.csproj", "{D00A8075-5A35-450F-B809-8BC2F7B8F71A}"
EndProject
Project("{FAE04EC0-301F-11D3-BF4B-00C04F79EFBC}") = "SITemplate.Repository", "SITemplate.Repository\SITemplate.Repository.csproj", "{8493A038-B421-40C8-9646-FC0CC6F04986}"
EndProject
Global
	GlobalSection(SolutionConfigurationPlatforms) = preSolution
		Debug|x64 = Debug|x64
		Release|x64 = Release|x64
	EndGlobalSection
	GlobalSection(ProjectConfigurationPlatforms) = postSolution
		{684B92DA-5F63-4849-B198-94192D3FDE11}.Debug|x64.ActiveCfg = Debug|x64
		{684B92DA-5F63-4849-B198-94192D3FDE11}.Debug|x64.Build.0 = Debug|x64
		{684B92DA-5F63-4849-B198-94192D3FDE11}.Release|x64.ActiveCfg = Release|x64
		{684B92DA-5F63-4849-B198-94192D3FDE11}.Release|x64.Build.0 = Release|x64
		{61BA9EC6-77D6-47FB-ABBB-6E91D96267F4}.Debug|x64.ActiveCfg = Debug|x64
		{61BA9EC6-77D6-47FB-ABBB-6E91D96267F4}.Debug|x64.Build.0 = Debug|x64
		{61BA9EC6-77D6-47FB-ABBB-6E91D96267F4}.Release|x64.ActiveCfg = Release|x64
		{61BA9EC6-77D6-47FB-ABBB-6E91D96267F4}.Release|x64.Build.0 = Release|x64
		{8FA48257-E29D-4BA9-91A9-C2A774DD15C9}.Debug|x64.ActiveCfg = Debug|x64
		{8FA48257-E29D-4BA9-91A9-C2A774DD15C9}.Debug|x64.Build.0 = Debug|x64
		{8FA48257-E29D-4BA9-91A9-C2A774DD15C9}.Release|x64.ActiveCfg = Release|x64
		{8FA48257-E29D-4BA9-91A9-C2A774DD15C9}.Release|x64.Build.0 = Release|x64
		{B164694C-13F5-4D86-884C-EBF30A2AFD06}.Debug|x64.ActiveCfg = Debug|x64
		{B164694C-13F5-4D86-884C-EBF30A2AFD06}.Debug|x64.Build.0 = Debug|x64
		{B164694C-13F5-4D86-884C-EBF30A2AFD06}.Release|x64.ActiveCfg = Release|x64
		{B164694C-13F5-4D86-884C-EBF30A2AFD06}.Release|x64.Build.0 = Release|x64
		{8370B3F6-38ED-4124-A22C-D5A4E0488B55}.Debug|x64.ActiveCfg = Debug|x64
		{8370B3F6-38ED-4124-A22C-D5A4E0488B55}.Debug|x64.Build.0 = Debug|x64
		{8370B3F6-38ED-4124-A22C-D5A4E0488B55}.Release|x64.ActiveCfg = Release|x64
		{8370B3F6-38ED-4124-A22C-D5A4E0488B55}.Release|x64.Build.0 = Release|x64
		{1D4FAED7-6FE7-4153-83D0-7A30C7BA4E0D}.Debug|x64.ActiveCfg = Debug|x64
		{1D4FAED7-6FE7-4153-83D0-7A30C7BA4E0D}.Debug|x64.Build.0 = Debug|x64
		{1D4FAED7-6FE7-4153-83D0-7A30C7BA4E0D}.Release|x64.ActiveCfg = Release|x64
		{1D4FAED7-6FE7-4153-83D0-7A30C7BA4E0D}.Release|x64.Build.0 = Release|x64
		{D00A8075-5A35-450F-B809-8BC2F7B8F71A}.Debug|x64.ActiveCfg = Debug|x64
		{D00A8075-5A35-450F-B809-8BC2F7B8F71A}.Debug|x64.Build.0 = Debug|x64
		{D00A8075-5A35-450F-B809-8BC2F7B8F71A}.Release|x64.ActiveCfg = Release|x64
		{D00A8075-5A35-450F-B809-8BC2F7B8F71A}.Release|x64.Build.0 = Release|x64
		{8493A038-B421-40C8-9646-FC0CC6F04986}.Debug|x64.ActiveCfg = Debug|x64
		{8493A038-B421-40C8-9646-FC0CC6F04986}.Debug|x64.Build.0 = Debug|x64
		{8493A038-B421-40C8-9646-FC0CC6F04986}.Release|x64.ActiveCfg = Release|x64
		{8493A038-B421-40C8-9646-FC0CC6F04986}.Release|x64.Build.0 = Release|x64
	EndGlobalSection
	GlobalSection(SolutionProperties) = preSolution
		HideSolutionNode = FALSE
	EndGlobalSection
	GlobalSection(NestedProjects) = preSolution
		{295E039B-777D-4D18-B4F2-F7F864D4B4C5} = {7AFEA470-5158-42AE-8EFC-D9AE14FBE8C4}
		{C3686B9B-ED98-461A-A551-09AC29A8C019} = {7AFEA470-5158-42AE-8EFC-D9AE14FBE8C4}
		{8FA48257-E29D-4BA9-91A9-C2A774DD15C9} = {C3686B9B-ED98-461A-A551-09AC29A8C019}
		{B164694C-13F5-4D86-884C-EBF30A2AFD06} = {C3686B9B-ED98-461A-A551-09AC29A8C019}
		{8370B3F6-38ED-4124-A22C-D5A4E0488B55} = {295E039B-777D-4D18-B4F2-F7F864D4B4C5}
		{1D4FAED7-6FE7-4153-83D0-7A30C7BA4E0D} = {295E039B-777D-4D18-B4F2-F7F864D4B4C5}
		{D00A8075-5A35-450F-B809-8BC2F7B8F71A} = {295E039B-777D-4D18-B4F2-F7F864D4B4C5}
		{8493A038-B421-40C8-9646-FC0CC6F04986} = {7146271A-C615-48AB-878A-0DBF7C573B90}
	EndGlobalSection
	GlobalSection(ExtensibilityGlobals) = postSolution
		SolutionGuid = {F90905F1-6854-4DE4-9DF7-55D7DCFFDE02}
	EndGlobalSection
EndGlobal
